// !$*UTF8*$!
{
	archiveVersion = 1;
	classes = {
	};
	objectVersion = 51;
	objects = {

/* Begin PBXBuildFile section */
		D63FE3212535EF4600DCD75F /* BinggraeMelona-Bold.ttf in Resources */ = {isa = PBXBuildFile; fileRef = D63FE31F2535EF4500DCD75F /* BinggraeMelona-Bold.ttf */; };
		D63FE3222535EF4600DCD75F /* BinggraeMelona.ttf in Resources */ = {isa = PBXBuildFile; fileRef = D63FE3202535EF4500DCD75F /* BinggraeMelona.ttf */; };
		D63FE3322536118200DCD75F /* LoginViewModel.swift in Sources */ = {isa = PBXBuildFile; fileRef = D63FE3312536118200DCD75F /* LoginViewModel.swift */; };
		D63FE34A2536731000DCD75F /* RegisterViewModel.swift in Sources */ = {isa = PBXBuildFile; fileRef = D63FE3492536731000DCD75F /* RegisterViewModel.swift */; };
		D6578ACB2500867A000185F1 /* AppDelegate.swift in Sources */ = {isa = PBXBuildFile; fileRef = D6578ACA2500867A000185F1 /* AppDelegate.swift */; };
		D6578AD22500867A000185F1 /* Main.storyboard in Resources */ = {isa = PBXBuildFile; fileRef = D6578AD02500867A000185F1 /* Main.storyboard */; };
		D6578AD42500867C000185F1 /* Assets.xcassets in Resources */ = {isa = PBXBuildFile; fileRef = D6578AD32500867C000185F1 /* Assets.xcassets */; };
		D6578AD72500867C000185F1 /* LaunchScreen.storyboard in Resources */ = {isa = PBXBuildFile; fileRef = D6578AD52500867C000185F1 /* LaunchScreen.storyboard */; };
		D6BB3723255D1BD00049BB65 /* ViewControllerName.swift in Sources */ = {isa = PBXBuildFile; fileRef = D6BB371F255D1BD00049BB65 /* ViewControllerName.swift */; };
		D6BB3724255D1BD00049BB65 /* UIColor.swift in Sources */ = {isa = PBXBuildFile; fileRef = D6BB3720255D1BD00049BB65 /* UIColor.swift */; };
		D6BB3725255D1BD00049BB65 /* UIButton.swift in Sources */ = {isa = PBXBuildFile; fileRef = D6BB3721255D1BD00049BB65 /* UIButton.swift */; };
		D6BB3726255D1BD00049BB65 /* UIViewController.swift in Sources */ = {isa = PBXBuildFile; fileRef = D6BB3722255D1BD00049BB65 /* UIViewController.swift */; };
		D6BB372B255D1BE60049BB65 /* DarnerAPI.swift in Sources */ = {isa = PBXBuildFile; fileRef = D6BB372A255D1BE60049BB65 /* DarnerAPI.swift */; };
		D6BB3746255D1BF30049BB65 /* RankingViewController.swift in Sources */ = {isa = PBXBuildFile; fileRef = D6BB372F255D1BF30049BB65 /* RankingViewController.swift */; };
		D6BB3747255D1BF30049BB65 /* SelectWordNumViewController.swift in Sources */ = {isa = PBXBuildFile; fileRef = D6BB3731255D1BF30049BB65 /* SelectWordNumViewController.swift */; };
		D6BB3748255D1BF30049BB65 /* WordResultCell.swift in Sources */ = {isa = PBXBuildFile; fileRef = D6BB3733255D1BF30049BB65 /* WordResultCell.swift */; };
		D6BB3749255D1BF30049BB65 /* WordCell.swift in Sources */ = {isa = PBXBuildFile; fileRef = D6BB3734255D1BF30049BB65 /* WordCell.swift */; };
		D6BB374A255D1BF30049BB65 /* TestViewController.swift in Sources */ = {isa = PBXBuildFile; fileRef = D6BB3735255D1BF30049BB65 /* TestViewController.swift */; };
		D6BB374B255D1BF30049BB65 /* TestResultViewController.swift in Sources */ = {isa = PBXBuildFile; fileRef = D6BB3736255D1BF30049BB65 /* TestResultViewController.swift */; };
		D6BB374C255D1BF30049BB65 /* TestTableViewController.swift in Sources */ = {isa = PBXBuildFile; fileRef = D6BB3737255D1BF30049BB65 /* TestTableViewController.swift */; };
		D6BB374D255D1BF30049BB65 /* MemorizationViewController.swift in Sources */ = {isa = PBXBuildFile; fileRef = D6BB3738255D1BF30049BB65 /* MemorizationViewController.swift */; };
		D6BB374E255D1BF30049BB65 /* SetMainCharacterViewController.swift in Sources */ = {isa = PBXBuildFile; fileRef = D6BB373A255D1BF30049BB65 /* SetMainCharacterViewController.swift */; };
		D6BB374F255D1BF30049BB65 /* CharacterCollectionViewController.swift in Sources */ = {isa = PBXBuildFile; fileRef = D6BB373B255D1BF30049BB65 /* CharacterCollectionViewController.swift */; };
		D6BB3750255D1BF30049BB65 /* MyCharacterViewController.swift in Sources */ = {isa = PBXBuildFile; fileRef = D6BB373C255D1BF30049BB65 /* MyCharacterViewController.swift */; };
		D6BB3751255D1BF30049BB65 /* RegisterVC.swift in Sources */ = {isa = PBXBuildFile; fileRef = D6BB373E255D1BF30049BB65 /* RegisterVC.swift */; };
		D6BB3752255D1BF30049BB65 /* DoubleCheckVC.swift in Sources */ = {isa = PBXBuildFile; fileRef = D6BB373F255D1BF30049BB65 /* DoubleCheckVC.swift */; };
		D6BB3753255D1BF30049BB65 /* FinishRegisterViewController.swift in Sources */ = {isa = PBXBuildFile; fileRef = D6BB3740255D1BF30049BB65 /* FinishRegisterViewController.swift */; };
		D6BB3754255D1BF30049BB65 /* CheckCertificationNumberVC.swift in Sources */ = {isa = PBXBuildFile; fileRef = D6BB3741255D1BF30049BB65 /* CheckCertificationNumberVC.swift */; };
		D6BB3755255D1BF30049BB65 /* LoginViewController.swift in Sources */ = {isa = PBXBuildFile; fileRef = D6BB3743255D1BF30049BB65 /* LoginViewController.swift */; };
		D6BB3756255D1BF30049BB65 /* WritingViewController.swift in Sources */ = {isa = PBXBuildFile; fileRef = D6BB3745255D1BF30049BB65 /* WritingViewController.swift */; };
		D6BB375A255D210D0049BB65 /* DarnerAPIClient.swift in Sources */ = {isa = PBXBuildFile; fileRef = D6BB3759255D210D0049BB65 /* DarnerAPIClient.swift */; };
		D6BB377C255E0D7F0049BB65 /* Model.swift in Sources */ = {isa = PBXBuildFile; fileRef = D6BB377B255E0D7F0049BB65 /* Model.swift */; };
		D6E68852252EB53F00FA09C1 /* Writing.storyboard in Resources */ = {isa = PBXBuildFile; fileRef = D6E68851252EB53F00FA09C1 /* Writing.storyboard */; };
		D6E68855252EB54600FA09C1 /* Ranking.storyboard in Resources */ = {isa = PBXBuildFile; fileRef = D6E68854252EB54600FA09C1 /* Ranking.storyboard */; };
		D6E68858252EB55300FA09C1 /* Memorization.storyboard in Resources */ = {isa = PBXBuildFile; fileRef = D6E68857252EB55300FA09C1 /* Memorization.storyboard */; };
		FEB933CBE4FCA747B10CDE0A /* Pods_Darner_dan_uh.framework in Frameworks */ = {isa = PBXBuildFile; fileRef = 2C2C5094395481B434C2AC5C /* Pods_Darner_dan_uh.framework */; };
/* End PBXBuildFile section */

/* Begin PBXFileReference section */
		0A6D3E1C8424177E67745A13 /* Pods-Darner-dan-uh.debug.xcconfig */ = {isa = PBXFileReference; includeInIndex = 1; lastKnownFileType = text.xcconfig; name = "Pods-Darner-dan-uh.debug.xcconfig"; path = "Target Support Files/Pods-Darner-dan-uh/Pods-Darner-dan-uh.debug.xcconfig"; sourceTree = "<group>"; };
		2C2C5094395481B434C2AC5C /* Pods_Darner_dan_uh.framework */ = {isa = PBXFileReference; explicitFileType = wrapper.framework; includeInIndex = 0; path = Pods_Darner_dan_uh.framework; sourceTree = BUILT_PRODUCTS_DIR; };
		773631FB34EA472779385722 /* Pods-Darner-dan-uh.release.xcconfig */ = {isa = PBXFileReference; includeInIndex = 1; lastKnownFileType = text.xcconfig; name = "Pods-Darner-dan-uh.release.xcconfig"; path = "Target Support Files/Pods-Darner-dan-uh/Pods-Darner-dan-uh.release.xcconfig"; sourceTree = "<group>"; };
		D63FE31F2535EF4500DCD75F /* BinggraeMelona-Bold.ttf */ = {isa = PBXFileReference; lastKnownFileType = file; path = "BinggraeMelona-Bold.ttf"; sourceTree = "<group>"; };
		D63FE3202535EF4500DCD75F /* BinggraeMelona.ttf */ = {isa = PBXFileReference; lastKnownFileType = file; path = BinggraeMelona.ttf; sourceTree = "<group>"; };
		D63FE3312536118200DCD75F /* LoginViewModel.swift */ = {isa = PBXFileReference; lastKnownFileType = sourcecode.swift; path = LoginViewModel.swift; sourceTree = "<group>"; };
		D63FE3492536731000DCD75F /* RegisterViewModel.swift */ = {isa = PBXFileReference; lastKnownFileType = sourcecode.swift; path = RegisterViewModel.swift; sourceTree = "<group>"; };
		D6578AC72500867A000185F1 /* Darner-dan-uh.app */ = {isa = PBXFileReference; explicitFileType = wrapper.application; includeInIndex = 0; path = "Darner-dan-uh.app"; sourceTree = BUILT_PRODUCTS_DIR; };
		D6578ACA2500867A000185F1 /* AppDelegate.swift */ = {isa = PBXFileReference; lastKnownFileType = sourcecode.swift; path = AppDelegate.swift; sourceTree = "<group>"; };
		D6578AD12500867A000185F1 /* Base */ = {isa = PBXFileReference; lastKnownFileType = file.storyboard; name = Base; path = Base.lproj/Main.storyboard; sourceTree = "<group>"; };
		D6578AD32500867C000185F1 /* Assets.xcassets */ = {isa = PBXFileReference; lastKnownFileType = folder.assetcatalog; path = Assets.xcassets; sourceTree = "<group>"; };
		D6578AD62500867C000185F1 /* Base */ = {isa = PBXFileReference; lastKnownFileType = file.storyboard; name = Base; path = Base.lproj/LaunchScreen.storyboard; sourceTree = "<group>"; };
		D6578AD82500867C000185F1 /* Info.plist */ = {isa = PBXFileReference; lastKnownFileType = text.plist.xml; path = Info.plist; sourceTree = "<group>"; };
		D6BB371F255D1BD00049BB65 /* ViewControllerName.swift */ = {isa = PBXFileReference; fileEncoding = 4; lastKnownFileType = sourcecode.swift; path = ViewControllerName.swift; sourceTree = "<group>"; };
		D6BB3720255D1BD00049BB65 /* UIColor.swift */ = {isa = PBXFileReference; fileEncoding = 4; lastKnownFileType = sourcecode.swift; path = UIColor.swift; sourceTree = "<group>"; };
		D6BB3721255D1BD00049BB65 /* UIButton.swift */ = {isa = PBXFileReference; fileEncoding = 4; lastKnownFileType = sourcecode.swift; path = UIButton.swift; sourceTree = "<group>"; };
		D6BB3722255D1BD00049BB65 /* UIViewController.swift */ = {isa = PBXFileReference; fileEncoding = 4; lastKnownFileType = sourcecode.swift; path = UIViewController.swift; sourceTree = "<group>"; };
		D6BB372A255D1BE60049BB65 /* DarnerAPI.swift */ = {isa = PBXFileReference; fileEncoding = 4; lastKnownFileType = sourcecode.swift; path = DarnerAPI.swift; sourceTree = "<group>"; };
		D6BB372F255D1BF30049BB65 /* RankingViewController.swift */ = {isa = PBXFileReference; fileEncoding = 4; lastKnownFileType = sourcecode.swift; path = RankingViewController.swift; sourceTree = "<group>"; };
		D6BB3731255D1BF30049BB65 /* SelectWordNumViewController.swift */ = {isa = PBXFileReference; fileEncoding = 4; lastKnownFileType = sourcecode.swift; path = SelectWordNumViewController.swift; sourceTree = "<group>"; };
		D6BB3733255D1BF30049BB65 /* WordResultCell.swift */ = {isa = PBXFileReference; fileEncoding = 4; lastKnownFileType = sourcecode.swift; path = WordResultCell.swift; sourceTree = "<group>"; };
		D6BB3734255D1BF30049BB65 /* WordCell.swift */ = {isa = PBXFileReference; fileEncoding = 4; lastKnownFileType = sourcecode.swift; path = WordCell.swift; sourceTree = "<group>"; };
		D6BB3735255D1BF30049BB65 /* TestViewController.swift */ = {isa = PBXFileReference; fileEncoding = 4; lastKnownFileType = sourcecode.swift; path = TestViewController.swift; sourceTree = "<group>"; };
		D6BB3736255D1BF30049BB65 /* TestResultViewController.swift */ = {isa = PBXFileReference; fileEncoding = 4; lastKnownFileType = sourcecode.swift; path = TestResultViewController.swift; sourceTree = "<group>"; };
		D6BB3737255D1BF30049BB65 /* TestTableViewController.swift */ = {isa = PBXFileReference; fileEncoding = 4; lastKnownFileType = sourcecode.swift; path = TestTableViewController.swift; sourceTree = "<group>"; };
		D6BB3738255D1BF30049BB65 /* MemorizationViewController.swift */ = {isa = PBXFileReference; fileEncoding = 4; lastKnownFileType = sourcecode.swift; path = MemorizationViewController.swift; sourceTree = "<group>"; };
		D6BB373A255D1BF30049BB65 /* SetMainCharacterViewController.swift */ = {isa = PBXFileReference; fileEncoding = 4; lastKnownFileType = sourcecode.swift; path = SetMainCharacterViewController.swift; sourceTree = "<group>"; };
		D6BB373B255D1BF30049BB65 /* CharacterCollectionViewController.swift */ = {isa = PBXFileReference; fileEncoding = 4; lastKnownFileType = sourcecode.swift; path = CharacterCollectionViewController.swift; sourceTree = "<group>"; };
		D6BB373C255D1BF30049BB65 /* MyCharacterViewController.swift */ = {isa = PBXFileReference; fileEncoding = 4; lastKnownFileType = sourcecode.swift; path = MyCharacterViewController.swift; sourceTree = "<group>"; };
		D6BB373E255D1BF30049BB65 /* RegisterVC.swift */ = {isa = PBXFileReference; fileEncoding = 4; lastKnownFileType = sourcecode.swift; path = RegisterVC.swift; sourceTree = "<group>"; };
		D6BB373F255D1BF30049BB65 /* DoubleCheckVC.swift */ = {isa = PBXFileReference; fileEncoding = 4; lastKnownFileType = sourcecode.swift; path = DoubleCheckVC.swift; sourceTree = "<group>"; };
		D6BB3740255D1BF30049BB65 /* FinishRegisterViewController.swift */ = {isa = PBXFileReference; fileEncoding = 4; lastKnownFileType = sourcecode.swift; path = FinishRegisterViewController.swift; sourceTree = "<group>"; };
		D6BB3741255D1BF30049BB65 /* CheckCertificationNumberVC.swift */ = {isa = PBXFileReference; fileEncoding = 4; lastKnownFileType = sourcecode.swift; path = CheckCertificationNumberVC.swift; sourceTree = "<group>"; };
		D6BB3743255D1BF30049BB65 /* LoginViewController.swift */ = {isa = PBXFileReference; fileEncoding = 4; lastKnownFileType = sourcecode.swift; path = LoginViewController.swift; sourceTree = "<group>"; };
		D6BB3745255D1BF30049BB65 /* WritingViewController.swift */ = {isa = PBXFileReference; fileEncoding = 4; lastKnownFileType = sourcecode.swift; path = WritingViewController.swift; sourceTree = "<group>"; };
		D6BB3759255D210D0049BB65 /* DarnerAPIClient.swift */ = {isa = PBXFileReference; lastKnownFileType = sourcecode.swift; path = DarnerAPIClient.swift; sourceTree = "<group>"; };
		D6BB377B255E0D7F0049BB65 /* Model.swift */ = {isa = PBXFileReference; lastKnownFileType = sourcecode.swift; path = Model.swift; sourceTree = "<group>"; };
		D6E68851252EB53F00FA09C1 /* Writing.storyboard */ = {isa = PBXFileReference; lastKnownFileType = file.storyboard; path = Writing.storyboard; sourceTree = "<group>"; };
		D6E68854252EB54600FA09C1 /* Ranking.storyboard */ = {isa = PBXFileReference; lastKnownFileType = file.storyboard; path = Ranking.storyboard; sourceTree = "<group>"; };
		D6E68857252EB55300FA09C1 /* Memorization.storyboard */ = {isa = PBXFileReference; lastKnownFileType = file.storyboard; path = Memorization.storyboard; sourceTree = "<group>"; };
/* End PBXFileReference section */

/* Begin PBXFrameworksBuildPhase section */
		D6578AC42500867A000185F1 /* Frameworks */ = {
			isa = PBXFrameworksBuildPhase;
			buildActionMask = 2147483647;
			files = (
				FEB933CBE4FCA747B10CDE0A /* Pods_Darner_dan_uh.framework in Frameworks */,
			);
			runOnlyForDeploymentPostprocessing = 0;
		};
/* End PBXFrameworksBuildPhase section */

/* Begin PBXGroup section */
		3BB6742B37E472050727ABC6 /* Pods */ = {
			isa = PBXGroup;
			children = (
				0A6D3E1C8424177E67745A13 /* Pods-Darner-dan-uh.debug.xcconfig */,
				773631FB34EA472779385722 /* Pods-Darner-dan-uh.release.xcconfig */,
			);
			path = Pods;
			sourceTree = "<group>";
		};
		A2011636CCE48406938D6CA0 /* Frameworks */ = {
			isa = PBXGroup;
			children = (
				2C2C5094395481B434C2AC5C /* Pods_Darner_dan_uh.framework */,
			);
			name = Frameworks;
			sourceTree = "<group>";
		};
		D63FE3262535EFD400DCD75F /* Source */ = {
			isa = PBXGroup;
			children = (
				D6BB372D255D1BF30049BB65 /* Modules */,
				D6BB3729255D1BE60049BB65 /* NetWorking */,
				D6BB371E255D1BD00049BB65 /* Extension */,
				D63FE3302536116C00DCD75F /* ViewModel */,
				D6E68841252EB41B00FA09C1 /* Base */,
				D6BB377E255E0D860049BB65 /* Model */,
			);
			path = Source;
			sourceTree = "<group>";
		};
		D63FE3282535EFDF00DCD75F /* Resource */ = {
			isa = PBXGroup;
			children = (
				D63FE31F2535EF4500DCD75F /* BinggraeMelona-Bold.ttf */,
				D63FE3202535EF4500DCD75F /* BinggraeMelona.ttf */,
			);
			path = Resource;
			sourceTree = "<group>";
		};
		D63FE3302536116C00DCD75F /* ViewModel */ = {
			isa = PBXGroup;
			children = (
				D63FE3312536118200DCD75F /* LoginViewModel.swift */,
				D63FE3492536731000DCD75F /* RegisterViewModel.swift */,
			);
			path = ViewModel;
			sourceTree = "<group>";
		};
		D6578ABE2500867A000185F1 = {
			isa = PBXGroup;
			children = (
				D6578AC92500867A000185F1 /* Darner-dan-uh */,
				D6578AC82500867A000185F1 /* Products */,
				3BB6742B37E472050727ABC6 /* Pods */,
				A2011636CCE48406938D6CA0 /* Frameworks */,
			);
			sourceTree = "<group>";
		};
		D6578AC82500867A000185F1 /* Products */ = {
			isa = PBXGroup;
			children = (
				D6578AC72500867A000185F1 /* Darner-dan-uh.app */,
			);
			name = Products;
			sourceTree = "<group>";
		};
		D6578AC92500867A000185F1 /* Darner-dan-uh */ = {
			isa = PBXGroup;
			children = (
				D6578AD82500867C000185F1 /* Info.plist */,
				D63FE3282535EFDF00DCD75F /* Resource */,
				D63FE3262535EFD400DCD75F /* Source */,
				D6E68842252EB42400FA09C1 /* Supporting */,
			);
			path = "Darner-dan-uh";
			sourceTree = "<group>";
		};
		D6BB371E255D1BD00049BB65 /* Extension */ = {
			isa = PBXGroup;
			children = (
				D6BB371F255D1BD00049BB65 /* ViewControllerName.swift */,
				D6BB3720255D1BD00049BB65 /* UIColor.swift */,
				D6BB3721255D1BD00049BB65 /* UIButton.swift */,
				D6BB3722255D1BD00049BB65 /* UIViewController.swift */,
			);
			name = Extension;
			path = "../../../../iOS-Darner-dan-uh 복사본/Darner-dan-uh/Darner-dan-uh/Source/Extension";
			sourceTree = "<group>";
		};
		D6BB3729255D1BE60049BB65 /* NetWorking */ = {
			isa = PBXGroup;
			children = (
				D6BB372A255D1BE60049BB65 /* DarnerAPI.swift */,
				D6BB3759255D210D0049BB65 /* DarnerAPIClient.swift */,
			);
			path = NetWorking;
			sourceTree = "<group>";
		};
		D6BB372D255D1BF30049BB65 /* Modules */ = {
			isa = PBXGroup;
			children = (
				D6BB372E255D1BF30049BB65 /* Ranking */,
				D6BB3730255D1BF30049BB65 /* Memorization */,
				D6BB3739255D1BF30049BB65 /* MyPage */,
				D6BB373D255D1BF30049BB65 /* Register */,
				D6BB3742255D1BF30049BB65 /* Login */,
				D6BB3744255D1BF30049BB65 /* Writing */,
			);
			name = Modules;
			path = ViewModel/Modules;
			sourceTree = "<group>";
		};
		D6BB372E255D1BF30049BB65 /* Ranking */ = {
			isa = PBXGroup;
			children = (
				D6BB372F255D1BF30049BB65 /* RankingViewController.swift */,
			);
			path = Ranking;
			sourceTree = "<group>";
		};
		D6BB3730255D1BF30049BB65 /* Memorization */ = {
			isa = PBXGroup;
			children = (
				D6BB3732255D1BF30049BB65 /* Cell */,
				D6BB3731255D1BF30049BB65 /* SelectWordNumViewController.swift */,
				D6BB3735255D1BF30049BB65 /* TestViewController.swift */,
				D6BB3736255D1BF30049BB65 /* TestResultViewController.swift */,
				D6BB3737255D1BF30049BB65 /* TestTableViewController.swift */,
				D6BB3738255D1BF30049BB65 /* MemorizationViewController.swift */,
			);
			path = Memorization;
			sourceTree = "<group>";
		};
		D6BB3732255D1BF30049BB65 /* Cell */ = {
			isa = PBXGroup;
			children = (
				D6BB3733255D1BF30049BB65 /* WordResultCell.swift */,
				D6BB3734255D1BF30049BB65 /* WordCell.swift */,
			);
			path = Cell;
			sourceTree = "<group>";
		};
		D6BB3739255D1BF30049BB65 /* MyPage */ = {
			isa = PBXGroup;
			children = (
				D6BB373A255D1BF30049BB65 /* SetMainCharacterViewController.swift */,
				D6BB373B255D1BF30049BB65 /* CharacterCollectionViewController.swift */,
				D6BB373C255D1BF30049BB65 /* MyCharacterViewController.swift */,
			);
			path = MyPage;
			sourceTree = "<group>";
		};
		D6BB373D255D1BF30049BB65 /* Register */ = {
			isa = PBXGroup;
			children = (
				D6BB373E255D1BF30049BB65 /* RegisterVC.swift */,
				D6BB373F255D1BF30049BB65 /* DoubleCheckVC.swift */,
				D6BB3740255D1BF30049BB65 /* FinishRegisterViewController.swift */,
				D6BB3741255D1BF30049BB65 /* CheckCertificationNumberVC.swift */,
			);
			path = Register;
			sourceTree = "<group>";
		};
		D6BB3742255D1BF30049BB65 /* Login */ = {
			isa = PBXGroup;
			children = (
				D6BB3743255D1BF30049BB65 /* LoginViewController.swift */,
			);
			path = Login;
			sourceTree = "<group>";
		};
		D6BB3744255D1BF30049BB65 /* Writing */ = {
			isa = PBXGroup;
			children = (
				D6BB3745255D1BF30049BB65 /* WritingViewController.swift */,
			);
			path = Writing;
			sourceTree = "<group>";
		};
		D6BB377E255E0D860049BB65 /* Model */ = {
			isa = PBXGroup;
			children = (
				D6BB377B255E0D7F0049BB65 /* Model.swift */,
			);
			path = Model;
			sourceTree = "<group>";
		};
		D6E68841252EB41B00FA09C1 /* Base */ = {
			isa = PBXGroup;
			children = (
				D6578AD02500867A000185F1 /* Main.storyboard */,
				D6578AD52500867C000185F1 /* LaunchScreen.storyboard */,
				D6E68851252EB53F00FA09C1 /* Writing.storyboard */,
				D6E68854252EB54600FA09C1 /* Ranking.storyboard */,
				D6E68857252EB55300FA09C1 /* Memorization.storyboard */,
			);
			path = Base;
			sourceTree = "<group>";
		};
		D6E68842252EB42400FA09C1 /* Supporting */ = {
			isa = PBXGroup;
			children = (
				D6578ACA2500867A000185F1 /* AppDelegate.swift */,
				D6578AD32500867C000185F1 /* Assets.xcassets */,
			);
			path = Supporting;
			sourceTree = "<group>";
		};
/* End PBXGroup section */

/* Begin PBXNativeTarget section */
		D6578AC62500867A000185F1 /* Darner-dan-uh */ = {
			isa = PBXNativeTarget;
			buildConfigurationList = D6578ADB2500867C000185F1 /* Build configuration list for PBXNativeTarget "Darner-dan-uh" */;
			buildPhases = (
				B3583109D25E135A0EF68476 /* [CP] Check Pods Manifest.lock */,
				D6578AC32500867A000185F1 /* Sources */,
				D6578AC42500867A000185F1 /* Frameworks */,
				D6578AC52500867A000185F1 /* Resources */,
				56D4E36B5D06CA7A44F1D827 /* [CP] Embed Pods Frameworks */,
			);
			buildRules = (
			);
			dependencies = (
			);
			name = "Darner-dan-uh";
			productName = "Darner-dan-uh";
			productReference = D6578AC72500867A000185F1 /* Darner-dan-uh.app */;
			productType = "com.apple.product-type.application";
		};
/* End PBXNativeTarget section */

/* Begin PBXProject section */
		D6578ABF2500867A000185F1 /* Project object */ = {
			isa = PBXProject;
			attributes = {
				LastSwiftUpdateCheck = 1160;
				LastUpgradeCheck = 1160;
				ORGANIZATIONNAME = "이현욱";
				TargetAttributes = {
					D6578AC62500867A000185F1 = {
						CreatedOnToolsVersion = 11.6;
					};
				};
			};
			buildConfigurationList = D6578AC22500867A000185F1 /* Build configuration list for PBXProject "Darner-dan-uh" */;
			compatibilityVersion = "Xcode 9.3";
			developmentRegion = en;
			hasScannedForEncodings = 0;
			knownRegions = (
				en,
				Base,
			);
			mainGroup = D6578ABE2500867A000185F1;
			productRefGroup = D6578AC82500867A000185F1 /* Products */;
			projectDirPath = "";
			projectRoot = "";
			targets = (
				D6578AC62500867A000185F1 /* Darner-dan-uh */,
			);
		};
/* End PBXProject section */

/* Begin PBXResourcesBuildPhase section */
		D6578AC52500867A000185F1 /* Resources */ = {
			isa = PBXResourcesBuildPhase;
			buildActionMask = 2147483647;
			files = (
				D63FE3212535EF4600DCD75F /* BinggraeMelona-Bold.ttf in Resources */,
				D63FE3222535EF4600DCD75F /* BinggraeMelona.ttf in Resources */,
				D6E68858252EB55300FA09C1 /* Memorization.storyboard in Resources */,
				D6578AD72500867C000185F1 /* LaunchScreen.storyboard in Resources */,
				D6E68852252EB53F00FA09C1 /* Writing.storyboard in Resources */,
				D6578AD42500867C000185F1 /* Assets.xcassets in Resources */,
				D6578AD22500867A000185F1 /* Main.storyboard in Resources */,
				D6E68855252EB54600FA09C1 /* Ranking.storyboard in Resources */,
			);
			runOnlyForDeploymentPostprocessing = 0;
		};
/* End PBXResourcesBuildPhase section */

/* Begin PBXShellScriptBuildPhase section */
		56D4E36B5D06CA7A44F1D827 /* [CP] Embed Pods Frameworks */ = {
			isa = PBXShellScriptBuildPhase;
			buildActionMask = 2147483647;
			files = (
			);
			inputFileListPaths = (
				"${PODS_ROOT}/Target Support Files/Pods-Darner-dan-uh/Pods-Darner-dan-uh-frameworks-${CONFIGURATION}-input-files.xcfilelist",
			);
			name = "[CP] Embed Pods Frameworks";
			outputFileListPaths = (
				"${PODS_ROOT}/Target Support Files/Pods-Darner-dan-uh/Pods-Darner-dan-uh-frameworks-${CONFIGURATION}-output-files.xcfilelist",
			);
			runOnlyForDeploymentPostprocessing = 0;
			shellPath = /bin/sh;
			shellScript = "\"${PODS_ROOT}/Target Support Files/Pods-Darner-dan-uh/Pods-Darner-dan-uh-frameworks.sh\"\n";
			showEnvVarsInLog = 0;
		};
		B3583109D25E135A0EF68476 /* [CP] Check Pods Manifest.lock */ = {
			isa = PBXShellScriptBuildPhase;
			buildActionMask = 2147483647;
			files = (
			);
			inputFileListPaths = (
			);
			inputPaths = (
				"${PODS_PODFILE_DIR_PATH}/Podfile.lock",
				"${PODS_ROOT}/Manifest.lock",
			);
			name = "[CP] Check Pods Manifest.lock";
			outputFileListPaths = (
			);
			outputPaths = (
				"$(DERIVED_FILE_DIR)/Pods-Darner-dan-uh-checkManifestLockResult.txt",
			);
			runOnlyForDeploymentPostprocessing = 0;
			shellPath = /bin/sh;
			shellScript = "diff \"${PODS_PODFILE_DIR_PATH}/Podfile.lock\" \"${PODS_ROOT}/Manifest.lock\" > /dev/null\nif [ $? != 0 ] ; then\n    # print error to STDERR\n    echo \"error: The sandbox is not in sync with the Podfile.lock. Run 'pod install' or update your CocoaPods installation.\" >&2\n    exit 1\nfi\n# This output is used by Xcode 'outputs' to avoid re-running this script phase.\necho \"SUCCESS\" > \"${SCRIPT_OUTPUT_FILE_0}\"\n";
			showEnvVarsInLog = 0;
		};
/* End PBXShellScriptBuildPhase section */

/* Begin PBXSourcesBuildPhase section */
		D6578AC32500867A000185F1 /* Sources */ = {
			isa = PBXSourcesBuildPhase;
			buildActionMask = 2147483647;
			files = (
				D6BB377C255E0D7F0049BB65 /* Model.swift in Sources */,
				D6BB374D255D1BF30049BB65 /* MemorizationViewController.swift in Sources */,
				D6BB3754255D1BF30049BB65 /* CheckCertificationNumberVC.swift in Sources */,
				D6BB3752255D1BF30049BB65 /* DoubleCheckVC.swift in Sources */,
				D6BB375A255D210D0049BB65 /* DarnerAPIClient.swift in Sources */,
				D6BB372B255D1BE60049BB65 /* DarnerAPI.swift in Sources */,
				D63FE34A2536731000DCD75F /* RegisterViewModel.swift in Sources */,
				D6BB374E255D1BF30049BB65 /* SetMainCharacterViewController.swift in Sources */,
				D6BB3725255D1BD00049BB65 /* UIButton.swift in Sources */,
				D6BB374B255D1BF30049BB65 /* TestResultViewController.swift in Sources */,
				D6BB3747255D1BF30049BB65 /* SelectWordNumViewController.swift in Sources */,
				D6BB3750255D1BF30049BB65 /* MyCharacterViewController.swift in Sources */,
				D6BB3756255D1BF30049BB65 /* WritingViewController.swift in Sources */,
				D6578ACB2500867A000185F1 /* AppDelegate.swift in Sources */,
				D6BB3751255D1BF30049BB65 /* RegisterVC.swift in Sources */,
				D6BB3755255D1BF30049BB65 /* LoginViewController.swift in Sources */,
				D6BB374A255D1BF30049BB65 /* TestViewController.swift in Sources */,
				D6BB3724255D1BD00049BB65 /* UIColor.swift in Sources */,
				D6BB3726255D1BD00049BB65 /* UIViewController.swift in Sources */,
				D6BB3723255D1BD00049BB65 /* ViewControllerName.swift in Sources */,
				D6BB374F255D1BF30049BB65 /* CharacterCollectionViewController.swift in Sources */,
				D63FE3322536118200DCD75F /* LoginViewModel.swift in Sources */,
				D6BB374C255D1BF30049BB65 /* TestTableViewController.swift in Sources */,
				D6BB3749255D1BF30049BB65 /* WordCell.swift in Sources */,
				D6BB3748255D1BF30049BB65 /* WordResultCell.swift in Sources */,
				D6BB3753255D1BF30049BB65 /* FinishRegisterViewController.swift in Sources */,
				D6BB3746255D1BF30049BB65 /* RankingViewController.swift in Sources */,
			);
			runOnlyForDeploymentPostprocessing = 0;
		};
/* End PBXSourcesBuildPhase section */

/* Begin PBXVariantGroup section */
		D6578AD02500867A000185F1 /* Main.storyboard */ = {
			isa = PBXVariantGroup;
			children = (
				D6578AD12500867A000185F1 /* Base */,
			);
			name = Main.storyboard;
			sourceTree = "<group>";
		};
		D6578AD52500867C000185F1 /* LaunchScreen.storyboard */ = {
			isa = PBXVariantGroup;
			children = (
				D6578AD62500867C000185F1 /* Base */,
			);
			name = LaunchScreen.storyboard;
			sourceTree = "<group>";
		};
/* End PBXVariantGroup section */

/* Begin XCBuildConfiguration section */
		D6578AD92500867C000185F1 /* Debug */ = {
			isa = XCBuildConfiguration;
			buildSettings = {
				ALWAYS_SEARCH_USER_PATHS = NO;
				CLANG_ANALYZER_NONNULL = YES;
				CLANG_ANALYZER_NUMBER_OBJECT_CONVERSION = YES_AGGRESSIVE;
				CLANG_CXX_LANGUAGE_STANDARD = "gnu++14";
				CLANG_CXX_LIBRARY = "libc++";
				CLANG_ENABLE_MODULES = YES;
				CLANG_ENABLE_OBJC_ARC = YES;
				CLANG_ENABLE_OBJC_WEAK = YES;
				CLANG_WARN_BLOCK_CAPTURE_AUTORELEASING = YES;
				CLANG_WARN_BOOL_CONVERSION = YES;
				CLANG_WARN_COMMA = YES;
				CLANG_WARN_CONSTANT_CONVERSION = YES;
				CLANG_WARN_DEPRECATED_OBJC_IMPLEMENTATIONS = YES;
				CLANG_WARN_DIRECT_OBJC_ISA_USAGE = YES_ERROR;
				CLANG_WARN_DOCUMENTATION_COMMENTS = YES;
				CLANG_WARN_EMPTY_BODY = YES;
				CLANG_WARN_ENUM_CONVERSION = YES;
				CLANG_WARN_INFINITE_RECURSION = YES;
				CLANG_WARN_INT_CONVERSION = YES;
				CLANG_WARN_NON_LITERAL_NULL_CONVERSION = YES;
				CLANG_WARN_OBJC_IMPLICIT_RETAIN_SELF = YES;
				CLANG_WARN_OBJC_LITERAL_CONVERSION = YES;
				CLANG_WARN_OBJC_ROOT_CLASS = YES_ERROR;
				CLANG_WARN_RANGE_LOOP_ANALYSIS = YES;
				CLANG_WARN_STRICT_PROTOTYPES = YES;
				CLANG_WARN_SUSPICIOUS_MOVE = YES;
				CLANG_WARN_UNGUARDED_AVAILABILITY = YES_AGGRESSIVE;
				CLANG_WARN_UNREACHABLE_CODE = YES;
				CLANG_WARN__DUPLICATE_METHOD_MATCH = YES;
				COPY_PHASE_STRIP = NO;
				DEBUG_INFORMATION_FORMAT = dwarf;
				ENABLE_STRICT_OBJC_MSGSEND = YES;
				ENABLE_TESTABILITY = YES;
				GCC_C_LANGUAGE_STANDARD = gnu11;
				GCC_DYNAMIC_NO_PIC = NO;
				GCC_NO_COMMON_BLOCKS = YES;
				GCC_OPTIMIZATION_LEVEL = 0;
				GCC_PREPROCESSOR_DEFINITIONS = (
					"DEBUG=1",
					"$(inherited)",
				);
				GCC_WARN_64_TO_32_BIT_CONVERSION = YES;
				GCC_WARN_ABOUT_RETURN_TYPE = YES_ERROR;
				GCC_WARN_UNDECLARED_SELECTOR = YES;
				GCC_WARN_UNINITIALIZED_AUTOS = YES_AGGRESSIVE;
				GCC_WARN_UNUSED_FUNCTION = YES;
				GCC_WARN_UNUSED_VARIABLE = YES;
				IPHONEOS_DEPLOYMENT_TARGET = 13.6;
				MTL_ENABLE_DEBUG_INFO = INCLUDE_SOURCE;
				MTL_FAST_MATH = YES;
				ONLY_ACTIVE_ARCH = YES;
				SDKROOT = iphoneos;
				SWIFT_ACTIVE_COMPILATION_CONDITIONS = DEBUG;
				SWIFT_OPTIMIZATION_LEVEL = "-Onone";
			};
			name = Debug;
		};
		D6578ADA2500867C000185F1 /* Release */ = {
			isa = XCBuildConfiguration;
			buildSettings = {
				ALWAYS_SEARCH_USER_PATHS = NO;
				CLANG_ANALYZER_NONNULL = YES;
				CLANG_ANALYZER_NUMBER_OBJECT_CONVERSION = YES_AGGRESSIVE;
				CLANG_CXX_LANGUAGE_STANDARD = "gnu++14";
				CLANG_CXX_LIBRARY = "libc++";
				CLANG_ENABLE_MODULES = YES;
				CLANG_ENABLE_OBJC_ARC = YES;
				CLANG_ENABLE_OBJC_WEAK = YES;
				CLANG_WARN_BLOCK_CAPTURE_AUTORELEASING = YES;
				CLANG_WARN_BOOL_CONVERSION = YES;
				CLANG_WARN_COMMA = YES;
				CLANG_WARN_CONSTANT_CONVERSION = YES;
				CLANG_WARN_DEPRECATED_OBJC_IMPLEMENTATIONS = YES;
				CLANG_WARN_DIRECT_OBJC_ISA_USAGE = YES_ERROR;
				CLANG_WARN_DOCUMENTATION_COMMENTS = YES;
				CLANG_WARN_EMPTY_BODY = YES;
				CLANG_WARN_ENUM_CONVERSION = YES;
				CLANG_WARN_INFINITE_RECURSION = YES;
				CLANG_WARN_INT_CONVERSION = YES;
				CLANG_WARN_NON_LITERAL_NULL_CONVERSION = YES;
				CLANG_WARN_OBJC_IMPLICIT_RETAIN_SELF = YES;
				CLANG_WARN_OBJC_LITERAL_CONVERSION = YES;
				CLANG_WARN_OBJC_ROOT_CLASS = YES_ERROR;
				CLANG_WARN_RANGE_LOOP_ANALYSIS = YES;
				CLANG_WARN_STRICT_PROTOTYPES = YES;
				CLANG_WARN_SUSPICIOUS_MOVE = YES;
				CLANG_WARN_UNGUARDED_AVAILABILITY = YES_AGGRESSIVE;
				CLANG_WARN_UNREACHABLE_CODE = YES;
				CLANG_WARN__DUPLICATE_METHOD_MATCH = YES;
				COPY_PHASE_STRIP = NO;
				DEBUG_INFORMATION_FORMAT = "dwarf-with-dsym";
				ENABLE_NS_ASSERTIONS = NO;
				ENABLE_STRICT_OBJC_MSGSEND = YES;
				GCC_C_LANGUAGE_STANDARD = gnu11;
				GCC_NO_COMMON_BLOCKS = YES;
				GCC_WARN_64_TO_32_BIT_CONVERSION = YES;
				GCC_WARN_ABOUT_RETURN_TYPE = YES_ERROR;
				GCC_WARN_UNDECLARED_SELECTOR = YES;
				GCC_WARN_UNINITIALIZED_AUTOS = YES_AGGRESSIVE;
				GCC_WARN_UNUSED_FUNCTION = YES;
				GCC_WARN_UNUSED_VARIABLE = YES;
				IPHONEOS_DEPLOYMENT_TARGET = 13.6;
				MTL_ENABLE_DEBUG_INFO = NO;
				MTL_FAST_MATH = YES;
				SDKROOT = iphoneos;
				SWIFT_COMPILATION_MODE = wholemodule;
				SWIFT_OPTIMIZATION_LEVEL = "-O";
				VALIDATE_PRODUCT = YES;
			};
			name = Release;
		};
		D6578ADC2500867C000185F1 /* Debug */ = {
			isa = XCBuildConfiguration;
			baseConfigurationReference = 0A6D3E1C8424177E67745A13 /* Pods-Darner-dan-uh.debug.xcconfig */;
			buildSettings = {
				ASSETCATALOG_COMPILER_APPICON_NAME = AppIcon;
				CODE_SIGN_STYLE = Automatic;
				DEVELOPMENT_TEAM = D49753ZB3N;
				INFOPLIST_FILE = "Darner-dan-uh/Info.plist";
				LD_RUNPATH_SEARCH_PATHS = (
					"$(inherited)",
					"@executable_path/Frameworks",
				);
				PRODUCT_BUNDLE_IDENTIFIER = "personal.Darner-dan-uh";
				PRODUCT_NAME = "$(TARGET_NAME)";
				SWIFT_VERSION = 5.0;
				TARGETED_DEVICE_FAMILY = "1,2";
			};
			name = Debug;
		};
		D6578ADD2500867C000185F1 /* Release */ = {
			isa = XCBuildConfiguration;
			baseConfigurationReference = 773631FB34EA472779385722 /* Pods-Darner-dan-uh.release.xcconfig */;
			buildSettings = {
				ASSETCATALOG_COMPILER_APPICON_NAME = AppIcon;
				CODE_SIGN_STYLE = Automatic;
				DEVELOPMENT_TEAM = D49753ZB3N;
				INFOPLIST_FILE = "Darner-dan-uh/Info.plist";
				LD_RUNPATH_SEARCH_PATHS = (
					"$(inherited)",
					"@executable_path/Frameworks",
				);
				PRODUCT_BUNDLE_IDENTIFIER = "personal.Darner-dan-uh";
				PRODUCT_NAME = "$(TARGET_NAME)";
				SWIFT_VERSION = 5.0;
				TARGETED_DEVICE_FAMILY = "1,2";
			};
			name = Release;
		};
/* End XCBuildConfiguration section */

/* Begin XCConfigurationList section */
		D6578AC22500867A000185F1 /* Build configuration list for PBXProject "Darner-dan-uh" */ = {
			isa = XCConfigurationList;
			buildConfigurations = (
				D6578AD92500867C000185F1 /* Debug */,
				D6578ADA2500867C000185F1 /* Release */,
			);
			defaultConfigurationIsVisible = 0;
			defaultConfigurationName = Release;
		};
		D6578ADB2500867C000185F1 /* Build configuration list for PBXNativeTarget "Darner-dan-uh" */ = {
			isa = XCConfigurationList;
			buildConfigurations = (
				D6578ADC2500867C000185F1 /* Debug */,
				D6578ADD2500867C000185F1 /* Release */,
			);
			defaultConfigurationIsVisible = 0;
			defaultConfigurationName = Release;
		};
/* End XCConfigurationList section */
	};
	rootObject = D6578ABF2500867A000185F1 /* Project object */;
}
