// !$*UTF8*$!
{
	archiveVersion = 1;
	classes = {
	};
	objectVersion = 50;
	objects = {

/* Begin PBXBuildFile section */
		D6578ACB2500867A000185F1 /* AppDelegate.swift in Sources */ = {isa = PBXBuildFile; fileRef = D6578ACA2500867A000185F1 /* AppDelegate.swift */; };
		D6578ACD2500867A000185F1 /* SceneDelegate.swift in Sources */ = {isa = PBXBuildFile; fileRef = D6578ACC2500867A000185F1 /* SceneDelegate.swift */; };
		D6578ACF2500867A000185F1 /* ViewController.swift in Sources */ = {isa = PBXBuildFile; fileRef = D6578ACE2500867A000185F1 /* ViewController.swift */; };
		D6578AD22500867A000185F1 /* Main.storyboard in Resources */ = {isa = PBXBuildFile; fileRef = D6578AD02500867A000185F1 /* Main.storyboard */; };
		D6578AD42500867C000185F1 /* Assets.xcassets in Resources */ = {isa = PBXBuildFile; fileRef = D6578AD32500867C000185F1 /* Assets.xcassets */; };
		D6578AD72500867C000185F1 /* LaunchScreen.storyboard in Resources */ = {isa = PBXBuildFile; fileRef = D6578AD52500867C000185F1 /* LaunchScreen.storyboard */; };
		FEB933CBE4FCA747B10CDE0A /* Pods_Darner_dan_uh.framework in Frameworks */ = {isa = PBXBuildFile; fileRef = 2C2C5094395481B434C2AC5C /* Pods_Darner_dan_uh.framework */; };
/* End PBXBuildFile section */

/* Begin PBXFileReference section */
		0A6D3E1C8424177E67745A13 /* Pods-Darner-dan-uh.debug.xcconfig */ = {isa = PBXFileReference; includeInIndex = 1; lastKnownFileType = text.xcconfig; name = "Pods-Darner-dan-uh.debug.xcconfig"; path = "Target Support Files/Pods-Darner-dan-uh/Pods-Darner-dan-uh.debug.xcconfig"; sourceTree = "<group>"; };
		2C2C5094395481B434C2AC5C /* Pods_Darner_dan_uh.framework */ = {isa = PBXFileReference; explicitFileType = wrapper.framework; includeInIndex = 0; path = Pods_Darner_dan_uh.framework; sourceTree = BUILT_PRODUCTS_DIR; };
		773631FB34EA472779385722 /* Pods-Darner-dan-uh.release.xcconfig */ = {isa = PBXFileReference; includeInIndex = 1; lastKnownFileType = text.xcconfig; name = "Pods-Darner-dan-uh.release.xcconfig"; path = "Target Support Files/Pods-Darner-dan-uh/Pods-Darner-dan-uh.release.xcconfig"; sourceTree = "<group>"; };
		D6578AC72500867A000185F1 /* Darner-dan-uh.app */ = {isa = PBXFileReference; explicitFileType = wrapper.application; includeInIndex = 0; path = "Darner-dan-uh.app"; sourceTree = BUILT_PRODUCTS_DIR; };
		D6578ACA2500867A000185F1 /* AppDelegate.swift */ = {isa = PBXFileReference; lastKnownFileType = sourcecode.swift; path = AppDelegate.swift; sourceTree = "<group>"; };
		D6578ACC2500867A000185F1 /* SceneDelegate.swift */ = {isa = PBXFileReference; lastKnownFileType = sourcecode.swift; path = SceneDelegate.swift; sourceTree = "<group>"; };
		D6578ACE2500867A000185F1 /* ViewController.swift */ = {isa = PBXFileReference; lastKnownFileType = sourcecode.swift; path = ViewController.swift; sourceTree = "<group>"; };
		D6578AD12500867A000185F1 /* Base */ = {isa = PBXFileReference; lastKnownFileType = file.storyboard; name = Base; path = Base.lproj/Main.storyboard; sourceTree = "<group>"; };
		D6578AD32500867C000185F1 /* Assets.xcassets */ = {isa = PBXFileReference; lastKnownFileType = folder.assetcatalog; path = Assets.xcassets; sourceTree = "<group>"; };
		D6578AD62500867C000185F1 /* Base */ = {isa = PBXFileReference; lastKnownFileType = file.storyboard; name = Base; path = Base.lproj/LaunchScreen.storyboard; sourceTree = "<group>"; };
		D6578AD82500867C000185F1 /* Info.plist */ = {isa = PBXFileReference; lastKnownFileType = text.plist.xml; path = Info.plist; sourceTree = "<group>"; };
/* End PBXFileReference section */

/* Begin PBXFrameworksBuildPhase section */
		D6578AC42500867A000185F1 /* Frameworks */ = {
			isa = PBXFrameworksBuildPhase;
			buildActionMask = 2147483647;
			files = (
				FEB933CBE4FCA747B10CDE0A /* Pods_Darner_dan_uh.framework in Frameworks */,
			);
			runOnlyForDeploymentPostprocessing = 0;
		};
/* End PBXFrameworksBuildPhase section */

/* Begin PBXGroup section */
		3BB6742B37E472050727ABC6 /* Pods */ = {
			isa = PBXGroup;
			children = (
				0A6D3E1C8424177E67745A13 /* Pods-Darner-dan-uh.debug.xcconfig */,
				773631FB34EA472779385722 /* Pods-Darner-dan-uh.release.xcconfig */,
			);
			name = Pods;
			path = Pods;
			sourceTree = "<group>";
		};
		A2011636CCE48406938D6CA0 /* Frameworks */ = {
			isa = PBXGroup;
			children = (
				2C2C5094395481B434C2AC5C /* Pods_Darner_dan_uh.framework */,
			);
			name = Frameworks;
			sourceTree = "<group>";
		};
		D6578ABE2500867A000185F1 = {
			isa = PBXGroup;
			children = (
				D6578AC92500867A000185F1 /* Darner-dan-uh */,
				D6578AC82500867A000185F1 /* Products */,
				3BB6742B37E472050727ABC6 /* Pods */,
				A2011636CCE48406938D6CA0 /* Frameworks */,
			);
			sourceTree = "<group>";
		};
		D6578AC82500867A000185F1 /* Products */ = {
			isa = PBXGroup;
			children = (
				D6578AC72500867A000185F1 /* Darner-dan-uh.app */,
			);
			name = Products;
			sourceTree = "<group>";
		};
		D6578AC92500867A000185F1 /* Darner-dan-uh */ = {
			isa = PBXGroup;
			children = (
				D6578ACA2500867A000185F1 /* AppDelegate.swift */,
				D6578ACC2500867A000185F1 /* SceneDelegate.swift */,
				D6578ACE2500867A000185F1 /* ViewController.swift */,
				D6578AD02500867A000185F1 /* Main.storyboard */,
				D6578AD32500867C000185F1 /* Assets.xcassets */,
				D6578AD52500867C000185F1 /* LaunchScreen.storyboard */,
				D6578AD82500867C000185F1 /* Info.plist */,
			);
			path = "Darner-dan-uh";
			sourceTree = "<group>";
		};
/* End PBXGroup section */

/* Begin PBXNativeTarget section */
		D6578AC62500867A000185F1 /* Darner-dan-uh */ = {
			isa = PBXNativeTarget;
			buildConfigurationList = D6578ADB2500867C000185F1 /* Build configuration list for PBXNativeTarget "Darner-dan-uh" */;
			buildPhases = (
				B3583109D25E135A0EF68476 /* [CP] Check Pods Manifest.lock */,
				D6578AC32500867A000185F1 /* Sources */,
				D6578AC42500867A000185F1 /* Frameworks */,
				D6578AC52500867A000185F1 /* Resources */,
				56D4E36B5D06CA7A44F1D827 /* [CP] Embed Pods Frameworks */,
			);
			buildRules = (
			);
			dependencies = (
			);
			name = "Darner-dan-uh";
			productName = "Darner-dan-uh";
			productReference = D6578AC72500867A000185F1 /* Darner-dan-uh.app */;
			productType = "com.apple.product-type.application";
		};
/* End PBXNativeTarget section */

/* Begin PBXProject section */
		D6578ABF2500867A000185F1 /* Project object */ = {
			isa = PBXProject;
			attributes = {
				LastSwiftUpdateCheck = 1160;
				LastUpgradeCheck = 1160;
				ORGANIZATIONNAME = "이현욱";
				TargetAttributes = {
					D6578AC62500867A000185F1 = {
						CreatedOnToolsVersion = 11.6;
					};
				};
			};
			buildConfigurationList = D6578AC22500867A000185F1 /* Build configuration list for PBXProject "Darner-dan-uh" */;
			compatibilityVersion = "Xcode 9.3";
			developmentRegion = en;
			hasScannedForEncodings = 0;
			knownRegions = (
				en,
				Base,
			);
			mainGroup = D6578ABE2500867A000185F1;
			productRefGroup = D6578AC82500867A000185F1 /* Products */;
			projectDirPath = "";
			projectRoot = "";
			targets = (
				D6578AC62500867A000185F1 /* Darner-dan-uh */,
			);
		};
/* End PBXProject section */

/* Begin PBXResourcesBuildPhase section */
		D6578AC52500867A000185F1 /* Resources */ = {
			isa = PBXResourcesBuildPhase;
			buildActionMask = 2147483647;
			files = (
				D6578AD72500867C000185F1 /* LaunchScreen.storyboard in Resources */,
				D6578AD42500867C000185F1 /* Assets.xcassets in Resources */,
				D6578AD22500867A000185F1 /* Main.storyboard in Resources */,
			);
			runOnlyForDeploymentPostprocessing = 0;
		};
/* End PBXResourcesBuildPhase section */

/* Begin PBXShellScriptBuildPhase section */
		56D4E36B5D06CA7A44F1D827 /* [CP] Embed Pods Frameworks */ = {
			isa = PBXShellScriptBuildPhase;
			buildActionMask = 2147483647;
			files = (
			);
			inputFileListPaths = (
				"${PODS_ROOT}/Target Support Files/Pods-Darner-dan-uh/Pods-Darner-dan-uh-frameworks-${CONFIGURATION}-input-files.xcfilelist",
			);
			name = "[CP] Embed Pods Frameworks";
			outputFileListPaths = (
				"${PODS_ROOT}/Target Support Files/Pods-Darner-dan-uh/Pods-Darner-dan-uh-frameworks-${CONFIGURATION}-output-files.xcfilelist",
			);
			runOnlyForDeploymentPostprocessing = 0;
			shellPath = /bin/sh;
			shellScript = "\"${PODS_ROOT}/Target Support Files/Pods-Darner-dan-uh/Pods-Darner-dan-uh-frameworks.sh\"\n";
			showEnvVarsInLog = 0;
		};
		B3583109D25E135A0EF68476 /* [CP] Check Pods Manifest.lock */ = {
			isa = PBXShellScriptBuildPhase;
			buildActionMask = 2147483647;
			files = (
			);
			inputFileListPaths = (
			);
			inputPaths = (
				"${PODS_PODFILE_DIR_PATH}/Podfile.lock",
				"${PODS_ROOT}/Manifest.lock",
			);
			name = "[CP] Check Pods Manifest.lock";
			outputFileListPaths = (
			);
			outputPaths = (
				"$(DERIVED_FILE_DIR)/Pods-Darner-dan-uh-checkManifestLockResult.txt",
			);
			runOnlyForDeploymentPostprocessing = 0;
			shellPath = /bin/sh;
			shellScript = "diff \"${PODS_PODFILE_DIR_PATH}/Podfile.lock\" \"${PODS_ROOT}/Manifest.lock\" > /dev/null\nif [ $? != 0 ] ; then\n    # print error to STDERR\n    echo \"error: The sandbox is not in sync with the Podfile.lock. Run 'pod install' or update your CocoaPods installation.\" >&2\n    exit 1\nfi\n# This output is used by Xcode 'outputs' to avoid re-running this script phase.\necho \"SUCCESS\" > \"${SCRIPT_OUTPUT_FILE_0}\"\n";
			showEnvVarsInLog = 0;
		};
/* End PBXShellScriptBuildPhase section */

/* Begin PBXSourcesBuildPhase section */
		D6578AC32500867A000185F1 /* Sources */ = {
			isa = PBXSourcesBuildPhase;
			buildActionMask = 2147483647;
			files = (
				D6578ACF2500867A000185F1 /* ViewController.swift in Sources */,
				D6578ACB2500867A000185F1 /* AppDelegate.swift in Sources */,
				D6578ACD2500867A000185F1 /* SceneDelegate.swift in Sources */,
			);
			runOnlyForDeploymentPostprocessing = 0;
		};
/* End PBXSourcesBuildPhase section */

/* Begin PBXVariantGroup section */
		D6578AD02500867A000185F1 /* Main.storyboard */ = {
			isa = PBXVariantGroup;
			children = (
				D6578AD12500867A000185F1 /* Base */,
			);
			name = Main.storyboard;
			sourceTree = "<group>";
		};
		D6578AD52500867C000185F1 /* LaunchScreen.storyboard */ = {
			isa = PBXVariantGroup;
			children = (
				D6578AD62500867C000185F1 /* Base */,
			);
			name = LaunchScreen.storyboard;
			sourceTree = "<group>";
		};
/* End PBXVariantGroup section */

/* Begin XCBuildConfiguration section */
		D6578AD92500867C000185F1 /* Debug */ = {
			isa = XCBuildConfiguration;
			buildSettings = {
				ALWAYS_SEARCH_USER_PATHS = NO;
				CLANG_ANALYZER_NONNULL = YES;
				CLANG_ANALYZER_NUMBER_OBJECT_CONVERSION = YES_AGGRESSIVE;
				CLANG_CXX_LANGUAGE_STANDARD = "gnu++14";
				CLANG_CXX_LIBRARY = "libc++";
				CLANG_ENABLE_MODULES = YES;
				CLANG_ENABLE_OBJC_ARC = YES;
				CLANG_ENABLE_OBJC_WEAK = YES;
				CLANG_WARN_BLOCK_CAPTURE_AUTORELEASING = YES;
				CLANG_WARN_BOOL_CONVERSION = YES;
				CLANG_WARN_COMMA = YES;
				CLANG_WARN_CONSTANT_CONVERSION = YES;
				CLANG_WARN_DEPRECATED_OBJC_IMPLEMENTATIONS = YES;
				CLANG_WARN_DIRECT_OBJC_ISA_USAGE = YES_ERROR;
				CLANG_WARN_DOCUMENTATION_COMMENTS = YES;
				CLANG_WARN_EMPTY_BODY = YES;
				CLANG_WARN_ENUM_CONVERSION = YES;
				CLANG_WARN_INFINITE_RECURSION = YES;
				CLANG_WARN_INT_CONVERSION = YES;
				CLANG_WARN_NON_LITERAL_NULL_CONVERSION = YES;
				CLANG_WARN_OBJC_IMPLICIT_RETAIN_SELF = YES;
				CLANG_WARN_OBJC_LITERAL_CONVERSION = YES;
				CLANG_WARN_OBJC_ROOT_CLASS = YES_ERROR;
				CLANG_WARN_RANGE_LOOP_ANALYSIS = YES;
				CLANG_WARN_STRICT_PROTOTYPES = YES;
				CLANG_WARN_SUSPICIOUS_MOVE = YES;
				CLANG_WARN_UNGUARDED_AVAILABILITY = YES_AGGRESSIVE;
				CLANG_WARN_UNREACHABLE_CODE = YES;
				CLANG_WARN__DUPLICATE_METHOD_MATCH = YES;
				COPY_PHASE_STRIP = NO;
				DEBUG_INFORMATION_FORMAT = dwarf;
				ENABLE_STRICT_OBJC_MSGSEND = YES;
				ENABLE_TESTABILITY = YES;
				GCC_C_LANGUAGE_STANDARD = gnu11;
				GCC_DYNAMIC_NO_PIC = NO;
				GCC_NO_COMMON_BLOCKS = YES;
				GCC_OPTIMIZATION_LEVEL = 0;
				GCC_PREPROCESSOR_DEFINITIONS = (
					"DEBUG=1",
					"$(inherited)",
				);
				GCC_WARN_64_TO_32_BIT_CONVERSION = YES;
				GCC_WARN_ABOUT_RETURN_TYPE = YES_ERROR;
				GCC_WARN_UNDECLARED_SELECTOR = YES;
				GCC_WARN_UNINITIALIZED_AUTOS = YES_AGGRESSIVE;
				GCC_WARN_UNUSED_FUNCTION = YES;
				GCC_WARN_UNUSED_VARIABLE = YES;
				IPHONEOS_DEPLOYMENT_TARGET = 13.6;
				MTL_ENABLE_DEBUG_INFO = INCLUDE_SOURCE;
				MTL_FAST_MATH = YES;
				ONLY_ACTIVE_ARCH = YES;
				SDKROOT = iphoneos;
				SWIFT_ACTIVE_COMPILATION_CONDITIONS = DEBUG;
				SWIFT_OPTIMIZATION_LEVEL = "-Onone";
			};
			name = Debug;
		};
		D6578ADA2500867C000185F1 /* Release */ = {
			isa = XCBuildConfiguration;
			buildSettings = {
				ALWAYS_SEARCH_USER_PATHS = NO;
				CLANG_ANALYZER_NONNULL = YES;
				CLANG_ANALYZER_NUMBER_OBJECT_CONVERSION = YES_AGGRESSIVE;
				CLANG_CXX_LANGUAGE_STANDARD = "gnu++14";
				CLANG_CXX_LIBRARY = "libc++";
				CLANG_ENABLE_MODULES = YES;
				CLANG_ENABLE_OBJC_ARC = YES;
				CLANG_ENABLE_OBJC_WEAK = YES;
				CLANG_WARN_BLOCK_CAPTURE_AUTORELEASING = YES;
				CLANG_WARN_BOOL_CONVERSION = YES;
				CLANG_WARN_COMMA = YES;
				CLANG_WARN_CONSTANT_CONVERSION = YES;
				CLANG_WARN_DEPRECATED_OBJC_IMPLEMENTATIONS = YES;
				CLANG_WARN_DIRECT_OBJC_ISA_USAGE = YES_ERROR;
				CLANG_WARN_DOCUMENTATION_COMMENTS = YES;
				CLANG_WARN_EMPTY_BODY = YES;
				CLANG_WARN_ENUM_CONVERSION = YES;
				CLANG_WARN_INFINITE_RECURSION = YES;
				CLANG_WARN_INT_CONVERSION = YES;
				CLANG_WARN_NON_LITERAL_NULL_CONVERSION = YES;
				CLANG_WARN_OBJC_IMPLICIT_RETAIN_SELF = YES;
				CLANG_WARN_OBJC_LITERAL_CONVERSION = YES;
				CLANG_WARN_OBJC_ROOT_CLASS = YES_ERROR;
				CLANG_WARN_RANGE_LOOP_ANALYSIS = YES;
				CLANG_WARN_STRICT_PROTOTYPES = YES;
				CLANG_WARN_SUSPICIOUS_MOVE = YES;
				CLANG_WARN_UNGUARDED_AVAILABILITY = YES_AGGRESSIVE;
				CLANG_WARN_UNREACHABLE_CODE = YES;
				CLANG_WARN__DUPLICATE_METHOD_MATCH = YES;
				COPY_PHASE_STRIP = NO;
				DEBUG_INFORMATION_FORMAT = "dwarf-with-dsym";
				ENABLE_NS_ASSERTIONS = NO;
				ENABLE_STRICT_OBJC_MSGSEND = YES;
				GCC_C_LANGUAGE_STANDARD = gnu11;
				GCC_NO_COMMON_BLOCKS = YES;
				GCC_WARN_64_TO_32_BIT_CONVERSION = YES;
				GCC_WARN_ABOUT_RETURN_TYPE = YES_ERROR;
				GCC_WARN_UNDECLARED_SELECTOR = YES;
				GCC_WARN_UNINITIALIZED_AUTOS = YES_AGGRESSIVE;
				GCC_WARN_UNUSED_FUNCTION = YES;
				GCC_WARN_UNUSED_VARIABLE = YES;
				IPHONEOS_DEPLOYMENT_TARGET = 13.6;
				MTL_ENABLE_DEBUG_INFO = NO;
				MTL_FAST_MATH = YES;
				SDKROOT = iphoneos;
				SWIFT_COMPILATION_MODE = wholemodule;
				SWIFT_OPTIMIZATION_LEVEL = "-O";
				VALIDATE_PRODUCT = YES;
			};
			name = Release;
		};
		D6578ADC2500867C000185F1 /* Debug */ = {
			isa = XCBuildConfiguration;
			baseConfigurationReference = 0A6D3E1C8424177E67745A13 /* Pods-Darner-dan-uh.debug.xcconfig */;
			buildSettings = {
				ASSETCATALOG_COMPILER_APPICON_NAME = AppIcon;
				CODE_SIGN_STYLE = Automatic;
				DEVELOPMENT_TEAM = D49753ZB3N;
				INFOPLIST_FILE = "Darner-dan-uh/Info.plist";
				LD_RUNPATH_SEARCH_PATHS = (
					"$(inherited)",
					"@executable_path/Frameworks",
				);
				PRODUCT_BUNDLE_IDENTIFIER = "personal.Darner-dan-uh";
				PRODUCT_NAME = "$(TARGET_NAME)";
				SWIFT_VERSION = 5.0;
				TARGETED_DEVICE_FAMILY = "1,2";
			};
			name = Debug;
		};
		D6578ADD2500867C000185F1 /* Release */ = {
			isa = XCBuildConfiguration;
			baseConfigurationReference = 773631FB34EA472779385722 /* Pods-Darner-dan-uh.release.xcconfig */;
			buildSettings = {
				ASSETCATALOG_COMPILER_APPICON_NAME = AppIcon;
				CODE_SIGN_STYLE = Automatic;
				DEVELOPMENT_TEAM = D49753ZB3N;
				INFOPLIST_FILE = "Darner-dan-uh/Info.plist";
				LD_RUNPATH_SEARCH_PATHS = (
					"$(inherited)",
					"@executable_path/Frameworks",
				);
				PRODUCT_BUNDLE_IDENTIFIER = "personal.Darner-dan-uh";
				PRODUCT_NAME = "$(TARGET_NAME)";
				SWIFT_VERSION = 5.0;
				TARGETED_DEVICE_FAMILY = "1,2";
			};
			name = Release;
		};
/* End XCBuildConfiguration section */

/* Begin XCConfigurationList section */
		D6578AC22500867A000185F1 /* Build configuration list for PBXProject "Darner-dan-uh" */ = {
			isa = XCConfigurationList;
			buildConfigurations = (
				D6578AD92500867C000185F1 /* Debug */,
				D6578ADA2500867C000185F1 /* Release */,
			);
			defaultConfigurationIsVisible = 0;
			defaultConfigurationName = Release;
		};
		D6578ADB2500867C000185F1 /* Build configuration list for PBXNativeTarget "Darner-dan-uh" */ = {
			isa = XCConfigurationList;
			buildConfigurations = (
				D6578ADC2500867C000185F1 /* Debug */,
				D6578ADD2500867C000185F1 /* Release */,
			);
			defaultConfigurationIsVisible = 0;
			defaultConfigurationName = Release;
		};
/* End XCConfigurationList section */
	};
	rootObject = D6578ABF2500867A000185F1 /* Project object */;
}
